{
  "name": "RemoApplication",
  "lockfileVersion": 2,
  "requires": true,
  "packages": {
    "": {
      "dependencies": {
        "react-lightgallery": "^0.9.0"
      }
    },
    "node_modules/browser-or-node": {
      "version": "1.3.0",
      "resolved": "https://registry.npmjs.org/browser-or-node/-/browser-or-node-1.3.0.tgz",
      "integrity": "sha512-0F2z/VSnLbmEeBcUrSuDH5l0HxTXdQQzLjkmBR4cYfvg1zJrKSlmIZFqyFR8oX0NrwPhy3c3HQ6i3OxMbew4Tg==",
      "license": "MIT"
    },
    "node_modules/hoist-non-react-statics": {
      "version": "3.3.2",
      "resolved": "https://registry.npmjs.org/hoist-non-react-statics/-/hoist-non-react-statics-3.3.2.tgz",
      "integrity": "sha512-/gGivxi8JPKWNm/W0jSmzcMPpfpPLc3dY/6GxhX2hQ9iGj3aDfklV4ET7NjKpSinLpJ5vafa9iiGIEZg10SfBw==",
      "license": "BSD-3-Clause",
      "dependencies": {
        "react-is": "^16.7.0"
      }
    },
    "node_modules/js-tokens": {
      "version": "4.0.0",
      "resolved": "https://registry.npmjs.org/js-tokens/-/js-tokens-4.0.0.tgz",
      "integrity": "sha512-RdJUflcE3cUzKiMqQgsCu06FPu9UdIJO0beYbPhHN4k6apgJtifcoCtT9bcxOpYBtpD2kCM6Sbzg4CausW/PKQ==",
      "license": "MIT"
    },
    "node_modules/lg-autoplay.js": {
      "version": "1.2.0",
      "resolved": "https://registry.npmjs.org/lg-autoplay.js/-/lg-autoplay.js-1.2.0.tgz",
      "integrity": "sha512-B7KGZhaq69Kv+SGAKb7kmOT3E0CJBFTa3HnmQFSVjpn1tkWm7GtcDRXYtEDcjRSixFHN6M0X/uFji/4uYk6vpg==",
      "license": "GPLv3"
    },
    "node_modules/lg-fullscreen.js": {
      "version": "1.2.0",
      "resolved": "https://registry.npmjs.org/lg-fullscreen.js/-/lg-fullscreen.js-1.2.0.tgz",
      "integrity": "sha512-cn4aOV4kuBAdtWJ7VcmmNfnIlNOF9pfa58Y708viZo9DrFQP3rDrwgx3fnol7GlBH+C/LwnGxy+bjaD4Abv3zg==",
      "license": "GPLv3"
    },
    "node_modules/lg-hash.js": {
      "version": "1.0.0",
      "resolved": "https://registry.npmjs.org/lg-hash.js/-/lg-hash.js-1.0.0.tgz",
      "integrity": "sha512-jQpYGfaz/dSKclxmb1J2kw5vjP6jL7wqKiN6hf2yR3Czyu+5vErbjxTME+k6RVhooizJpzcFj98oFWKx2B+Rgw==",
      "license": "GPLv3"
    },
    "node_modules/lg-pager.js": {
      "version": "1.0.0",
      "resolved": "https://registry.npmjs.org/lg-pager.js/-/lg-pager.js-1.0.0.tgz",
      "integrity": "sha512-3ctcouJNewQe38YwDZNfxUXOKarawqjZ0ZmV5xyzpcR/Fks87V2CQ8qo+/yJ5NY4AwGzX6+ZKbqEDwkfTV3nkg==",
      "license": "GPLv3"
    },
    "node_modules/lg-share.js": {
      "version": "1.3.0",
      "resolved": "https://registry.npmjs.org/lg-share.js/-/lg-share.js-1.3.0.tgz",
      "integrity": "sha512-5pnbiZ/LdBZiPhvVp/EAnod2yrBczN2YCqvM6f4TX4VbPe4b/9r0jJtvBvxOPMAxRNZrF3/WvOnHcFfvdSc4uA==",
      "license": "GPLv3"
    },
    "node_modules/lg-thumbnail.js": {
      "version": "1.2.0",
      "resolved": "https://registry.npmjs.org/lg-thumbnail.js/-/lg-thumbnail.js-1.2.0.tgz",
      "integrity": "sha512-qmNFbjLv1spCf3sB8HRX9vW8UtKcgq7qJIg10jLqCozSquhTJwSPUb5vyPgl3cZpgLFjRMiOpIRgBjGrX4inNQ==",
      "license": "GPLv3"
    },
    "node_modules/lg-video.js": {
      "version": "1.3.0",
      "resolved": "https://registry.npmjs.org/lg-video.js/-/lg-video.js-1.3.0.tgz",
      "integrity": "sha512-9P/oxBwHhEqHvPqnjxdQFihMw6AlIllHdOXUDAsr+t6D9u9Bcabsncavap6B8QeCVS+uU2wmgW9GFTfT5sg5Vg==",
      "license": "GPLv3"
    },
    "node_modules/lg-zoom.js": {
      "version": "1.3.0",
      "resolved": "https://registry.npmjs.org/lg-zoom.js/-/lg-zoom.js-1.3.0.tgz",
      "integrity": "sha512-qoI0gH+jWw58O6BhJdGWDY2LD4bymp5aEoyGoXhn/KzAcHV2o0RynPMcV0v3RGvpDottISr9Sa2cyAm2hAdxRQ==",
      "license": "GPLv3"
    },
    "node_modules/lightgallery.js": {
      "version": "1.4.0",
      "resolved": "https://registry.npmjs.org/lightgallery.js/-/lightgallery.js-1.4.0.tgz",
      "integrity": "sha512-TK7auNMSz0sPjotq/VtKH/fe8GPkVRlmFf8F3zVsbFccLJL4r3U1VON+IggyE8Wy04QwbFQxTIIMqL7blibGSA==",
      "license": "GPLv3"
    },
    "node_modules/lodash": {
      "version": "4.17.21",
      "resolved": "https://registry.npmjs.org/lodash/-/lodash-4.17.21.tgz",
      "integrity": "sha512-v2kDEe57lecTulaDIuNTPy3Ry4gLGJ6Z1O3vE1krgXZNrsQ+LFTGHVxVjcXPs17LhbZVGedAJv8XZ1tvj5FvSg==",
      "license": "MIT"
    },
    "node_modules/loose-envify": {
      "version": "1.4.0",
      "resolved": "https://registry.npmjs.org/loose-envify/-/loose-envify-1.4.0.tgz",
      "integrity": "sha512-lyuxPGr/Wfhrlem2CL/UcnUc1zcqKAImBDzukY7Y5F/yQiNdko6+fRLevlw1HgMySw7f611UIY408EtxRSoK3Q==",
      "license": "MIT",
      "dependencies": {
        "js-tokens": "^3.0.0 || ^4.0.0"
      },
      "bin": {
        "loose-envify": "cli.js"
      }
    },
    "node_modules/object-assign": {
      "version": "4.1.1",
      "resolved": "https://registry.npmjs.org/object-assign/-/object-assign-4.1.1.tgz",
      "integrity": "sha512-rJgTQnkUnH1sFw8yT6VSU3zD3sWmu6sZhIseY8VX+GRu3P6F7Fu+JNDoXfklElbLJSnc3FUQHVe4cU5hj+BcUg==",
      "license": "MIT",
      "engines": {
        "node": ">=0.10.0"
      }
    },
    "node_modules/prop-types": {
      "version": "15.8.1",
      "resolved": "https://registry.npmjs.org/prop-types/-/prop-types-15.8.1.tgz",
      "integrity": "sha512-oj87CgZICdulUohogVAR7AjlC0327U4el4L6eAvOqCeudMDVU0NThNaV+b9Df4dXgSP1gXMTnPdhfe/2qDH5cg==",
      "license": "MIT",
      "dependencies": {
        "loose-envify": "^1.4.0",
        "object-assign": "^4.1.1",
        "react-is": "^16.13.1"
      }
    },
    "node_modules/react": {
      "version": "16.14.0",
      "resolved": "https://registry.npmjs.org/react/-/react-16.14.0.tgz",
      "integrity": "sha512-0X2CImDkJGApiAlcf0ODKIneSwBPhqJawOa5wCtKbu7ZECrmS26NvtSILynQ66cgkT/RJ4LidJOc3bUESwmU8g==",
      "peer": true,
      "dependencies": {
        "loose-envify": "^1.1.0",
        "object-assign": "^4.1.1",
        "prop-types": "^15.6.2"
      },
      "engines": {
        "node": ">=0.10.0"
      }
    },
    "node_modules/react-dom": {
      "version": "16.14.0",
      "resolved": "https://registry.npmjs.org/react-dom/-/react-dom-16.14.0.tgz",
      "integrity": "sha512-1gCeQXDLoIqMgqD3IO2Ah9bnf0w9kzhwN5q4FGnHZ67hBm9yePzB5JJAIQCc8x3pFnNlwFq4RidZggNAAkzWWw==",
      "peer": true,
      "dependencies": {
        "loose-envify": "^1.1.0",
        "object-assign": "^4.1.1",
        "prop-types": "^15.6.2",
        "scheduler": "^0.19.1"
      },
      "peerDependencies": {
        "react": "^16.14.0"
      }
    },
    "node_modules/react-is": {
      "version": "16.13.1",
      "resolved": "https://registry.npmjs.org/react-is/-/react-is-16.13.1.tgz",
      "integrity": "sha512-24e6ynE2H+OKt4kqsOvNd8kBpV65zoxbA4BVsEOB3ARVWQki/DHzaUoC5KuON/BiccDaCCTZBuOcfZs70kR8bQ==",
      "license": "MIT"
    },
    "node_modules/react-lightgallery": {
      "version": "0.9.0",
      "resolved": "https://registry.npmjs.org/react-lightgallery/-/react-lightgallery-0.9.0.tgz",
      "integrity": "sha512-RgUPXBDu1wQT+BJ4jBAZ5qhSu35/Wx4ZzMBwDDE1gqQeBKHWZAvrljWJRw6cJYudG1cgOzKF2EHV+7+8rVzpLg==",
      "license": "MIT",
      "dependencies": {
        "browser-or-node": "^1.3.0",
        "hoist-non-react-statics": "^3.3.2",
        "lg-autoplay.js": "^1.2.0",
        "lg-fullscreen.js": "^1.2.0",
        "lg-hash.js": "^1.0.0",
        "lg-pager.js": "^1.0.0",
        "lg-share.js": "^1.3.0",
        "lg-thumbnail.js": "^1.2.0",
        "lg-video.js": "^1.2.0",
        "lg-zoom.js": "^1.2.0",
        "lightgallery.js": "^1.2.0",
        "lodash": "^4.17.15",
        "prop-types": "^15.7.2",
        "uniqid": "^5.2.0"
      },
      "peerDependencies": {
        "react": "^16.13.1",
        "react-dom": "^16.13.1"
      }
    },
    "node_modules/scheduler": {
      "version": "0.19.1",
      "resolved": "https://registry.npmjs.org/scheduler/-/scheduler-0.19.1.tgz",
      "integrity": "sha512-n/zwRWRYSUj0/3g/otKDRPMh6qv2SYMWNq85IEa8iZyAv8od9zDYpGSnpBEjNgcMNq6Scbu5KfIPxNF72R/2EA==",
      "peer": true,
      "dependencies": {
        "loose-envify": "^1.1.0",
        "object-assign": "^4.1.1"
      }
    },
    "node_modules/uniqid": {
      "version": "5.4.0",
      "resolved": "https://registry.npmjs.org/uniqid/-/uniqid-5.4.0.tgz",
      "integrity": "sha512-38JRbJ4Fj94VmnC7G/J/5n5SC7Ab46OM5iNtSstB/ko3l1b5g7ALt4qzHFgGciFkyiRNtDXtLNb+VsxtMSE77A==",
      "license": "MIT"
    }
  },
  "dependencies": {
    "browser-or-node": {
      "version": "1.3.0",
      "resolved": "https://registry.npmjs.org/browser-or-node/-/browser-or-node-1.3.0.tgz",
      "integrity": "sha512-0F2z/VSnLbmEeBcUrSuDH5l0HxTXdQQzLjkmBR4cYfvg1zJrKSlmIZFqyFR8oX0NrwPhy3c3HQ6i3OxMbew4Tg=="
    },
    "hoist-non-react-statics": {
      "version": "3.3.2",
      "resolved": "https://registry.npmjs.org/hoist-non-react-statics/-/hoist-non-react-statics-3.3.2.tgz",
      "integrity": "sha512-/gGivxi8JPKWNm/W0jSmzcMPpfpPLc3dY/6GxhX2hQ9iGj3aDfklV4ET7NjKpSinLpJ5vafa9iiGIEZg10SfBw==",
      "requires": {
        "react-is": "^16.7.0"
      }
    },
    "js-tokens": {
      "version": "4.0.0",
      "resolved": "https://registry.npmjs.org/js-tokens/-/js-tokens-4.0.0.tgz",
      "integrity": "sha512-RdJUflcE3cUzKiMqQgsCu06FPu9UdIJO0beYbPhHN4k6apgJtifcoCtT9bcxOpYBtpD2kCM6Sbzg4CausW/PKQ=="
    },
    "lg-autoplay.js": {
      "version": "1.2.0",
      "resolved": "https://registry.npmjs.org/lg-autoplay.js/-/lg-autoplay.js-1.2.0.tgz",
      "integrity": "sha512-B7KGZhaq69Kv+SGAKb7kmOT3E0CJBFTa3HnmQFSVjpn1tkWm7GtcDRXYtEDcjRSixFHN6M0X/uFji/4uYk6vpg=="
    },
    "lg-fullscreen.js": {
      "version": "1.2.0",
      "resolved": "https://registry.npmjs.org/lg-fullscreen.js/-/lg-fullscreen.js-1.2.0.tgz",
      "integrity": "sha512-cn4aOV4kuBAdtWJ7VcmmNfnIlNOF9pfa58Y708viZo9DrFQP3rDrwgx3fnol7GlBH+C/LwnGxy+bjaD4Abv3zg=="
    },
    "lg-hash.js": {
      "version": "1.0.0",
      "resolved": "https://registry.npmjs.org/lg-hash.js/-/lg-hash.js-1.0.0.tgz",
      "integrity": "sha512-jQpYGfaz/dSKclxmb1J2kw5vjP6jL7wqKiN6hf2yR3Czyu+5vErbjxTME+k6RVhooizJpzcFj98oFWKx2B+Rgw=="
    },
    "lg-pager.js": {
      "version": "1.0.0",
      "resolved": "https://registry.npmjs.org/lg-pager.js/-/lg-pager.js-1.0.0.tgz",
      "integrity": "sha512-3ctcouJNewQe38YwDZNfxUXOKarawqjZ0ZmV5xyzpcR/Fks87V2CQ8qo+/yJ5NY4AwGzX6+ZKbqEDwkfTV3nkg=="
    },
    "lg-share.js": {
      "version": "1.3.0",
      "resolved": "https://registry.npmjs.org/lg-share.js/-/lg-share.js-1.3.0.tgz",
      "integrity": "sha512-5pnbiZ/LdBZiPhvVp/EAnod2yrBczN2YCqvM6f4TX4VbPe4b/9r0jJtvBvxOPMAxRNZrF3/WvOnHcFfvdSc4uA=="
    },
    "lg-thumbnail.js": {
      "version": "1.2.0",
      "resolved": "https://registry.npmjs.org/lg-thumbnail.js/-/lg-thumbnail.js-1.2.0.tgz",
      "integrity": "sha512-qmNFbjLv1spCf3sB8HRX9vW8UtKcgq7qJIg10jLqCozSquhTJwSPUb5vyPgl3cZpgLFjRMiOpIRgBjGrX4inNQ=="
    },
    "lg-video.js": {
      "version": "1.3.0",
      "resolved": "https://registry.npmjs.org/lg-video.js/-/lg-video.js-1.3.0.tgz",
      "integrity": "sha512-9P/oxBwHhEqHvPqnjxdQFihMw6AlIllHdOXUDAsr+t6D9u9Bcabsncavap6B8QeCVS+uU2wmgW9GFTfT5sg5Vg=="
    },
    "lg-zoom.js": {
      "version": "1.3.0",
      "resolved": "https://registry.npmjs.org/lg-zoom.js/-/lg-zoom.js-1.3.0.tgz",
      "integrity": "sha512-qoI0gH+jWw58O6BhJdGWDY2LD4bymp5aEoyGoXhn/KzAcHV2o0RynPMcV0v3RGvpDottISr9Sa2cyAm2hAdxRQ=="
    },
    "lightgallery.js": {
      "version": "1.4.0",
      "resolved": "https://registry.npmjs.org/lightgallery.js/-/lightgallery.js-1.4.0.tgz",
      "integrity": "sha512-TK7auNMSz0sPjotq/VtKH/fe8GPkVRlmFf8F3zVsbFccLJL4r3U1VON+IggyE8Wy04QwbFQxTIIMqL7blibGSA=="
    },
    "lodash": {
      "version": "4.17.21",
      "resolved": "https://registry.npmjs.org/lodash/-/lodash-4.17.21.tgz",
      "integrity": "sha512-v2kDEe57lecTulaDIuNTPy3Ry4gLGJ6Z1O3vE1krgXZNrsQ+LFTGHVxVjcXPs17LhbZVGedAJv8XZ1tvj5FvSg=="
    },
    "loose-envify": {
      "version": "1.4.0",
      "resolved": "https://registry.npmjs.org/loose-envify/-/loose-envify-1.4.0.tgz",
      "integrity": "sha512-lyuxPGr/Wfhrlem2CL/UcnUc1zcqKAImBDzukY7Y5F/yQiNdko6+fRLevlw1HgMySw7f611UIY408EtxRSoK3Q==",
      "requires": {
        "js-tokens": "^3.0.0 || ^4.0.0"
      }
    },
    "object-assign": {
      "version": "4.1.1",
      "resolved": "https://registry.npmjs.org/object-assign/-/object-assign-4.1.1.tgz",
      "integrity": "sha512-rJgTQnkUnH1sFw8yT6VSU3zD3sWmu6sZhIseY8VX+GRu3P6F7Fu+JNDoXfklElbLJSnc3FUQHVe4cU5hj+BcUg=="
    },
    "prop-types": {
      "version": "15.8.1",
      "resolved": "https://registry.npmjs.org/prop-types/-/prop-types-15.8.1.tgz",
      "integrity": "sha512-oj87CgZICdulUohogVAR7AjlC0327U4el4L6eAvOqCeudMDVU0NThNaV+b9Df4dXgSP1gXMTnPdhfe/2qDH5cg==",
      "requires": {
        "loose-envify": "^1.4.0",
        "object-assign": "^4.1.1",
        "react-is": "^16.13.1"
      }
    },
    "react": {
      "version": "16.14.0",
      "resolved": "https://registry.npmjs.org/react/-/react-16.14.0.tgz",
      "integrity": "sha512-0X2CImDkJGApiAlcf0ODKIneSwBPhqJawOa5wCtKbu7ZECrmS26NvtSILynQ66cgkT/RJ4LidJOc3bUESwmU8g==",
      "peer": true,
      "requires": {
        "loose-envify": "^1.1.0",
        "object-assign": "^4.1.1",
        "prop-types": "^15.6.2"
      }
    },
    "react-dom": {
      "version": "16.14.0",
      "resolved": "https://registry.npmjs.org/react-dom/-/react-dom-16.14.0.tgz",
      "integrity": "sha512-1gCeQXDLoIqMgqD3IO2Ah9bnf0w9kzhwN5q4FGnHZ67hBm9yePzB5JJAIQCc8x3pFnNlwFq4RidZggNAAkzWWw==",
      "peer": true,
      "requires": {
        "loose-envify": "^1.1.0",
        "object-assign": "^4.1.1",
        "prop-types": "^15.6.2",
        "scheduler": "^0.19.1"
      }
    },
    "react-is": {
      "version": "16.13.1",
      "resolved": "https://registry.npmjs.org/react-is/-/react-is-16.13.1.tgz",
      "integrity": "sha512-24e6ynE2H+OKt4kqsOvNd8kBpV65zoxbA4BVsEOB3ARVWQki/DHzaUoC5KuON/BiccDaCCTZBuOcfZs70kR8bQ=="
    },
    "react-lightgallery": {
      "version": "0.9.0",
      "resolved": "https://registry.npmjs.org/react-lightgallery/-/react-lightgallery-0.9.0.tgz",
      "integrity": "sha512-RgUPXBDu1wQT+BJ4jBAZ5qhSu35/Wx4ZzMBwDDE1gqQeBKHWZAvrljWJRw6cJYudG1cgOzKF2EHV+7+8rVzpLg==",
      "requires": {
        "browser-or-node": "^1.3.0",
        "hoist-non-react-statics": "^3.3.2",
        "lg-autoplay.js": "^1.2.0",
        "lg-fullscreen.js": "^1.2.0",
        "lg-hash.js": "^1.0.0",
        "lg-pager.js": "^1.0.0",
        "lg-share.js": "^1.3.0",
        "lg-thumbnail.js": "^1.2.0",
        "lg-video.js": "^1.2.0",
        "lg-zoom.js": "^1.2.0",
        "lightgallery.js": "^1.2.0",
        "lodash": "^4.17.15",
        "prop-types": "^15.7.2",
        "uniqid": "^5.2.0"
      }
    },
    "scheduler": {
      "version": "0.19.1",
      "resolved": "https://registry.npmjs.org/scheduler/-/scheduler-0.19.1.tgz",
      "integrity": "sha512-n/zwRWRYSUj0/3g/otKDRPMh6qv2SYMWNq85IEa8iZyAv8od9zDYpGSnpBEjNgcMNq6Scbu5KfIPxNF72R/2EA==",
      "peer": true,
      "requires": {
        "loose-envify": "^1.1.0",
        "object-assign": "^4.1.1"
      }
    },
    "uniqid": {
      "version": "5.4.0",
      "resolved": "https://registry.npmjs.org/uniqid/-/uniqid-5.4.0.tgz",
      "integrity": "sha512-38JRbJ4Fj94VmnC7G/J/5n5SC7Ab46OM5iNtSstB/ko3l1b5g7ALt4qzHFgGciFkyiRNtDXtLNb+VsxtMSE77A=="
    }
  }
}
